<?xml version="1.0" encoding="utf-8"?>
<Project ToolsVersion="4.0" xmlns="http://schemas.microsoft.com/developer/msbuild/2003">
  <ItemGroup>
    <Filter Include="Arquivos de Origem">
      <UniqueIdentifier>{4FC737F1-C7A5-4376-A066-2A32D752A2FF}</UniqueIdentifier>
      <Extensions>cpp;c;cc;cxx;c++;cppm;ixx;def;odl;idl;hpj;bat;asm;asmx</Extensions>
    </Filter>
    <Filter Include="Arquivos de Cabeçalho">
      <UniqueIdentifier>{93995380-89BD-4b04-88EB-625FBE52EBFB}</UniqueIdentifier>
      <Extensions>h;hh;hpp;hxx;h++;hm;inl;inc;ipp;xsd</Extensions>
    </Filter>
    <Filter Include="Arquivos de Recurso">
      <UniqueIdentifier>{67DA6AB6-F800-4c08-8B7A-83BB121AAD01}</UniqueIdentifier>
      <Extensions>rc;ico;cur;bmp;dlg;rc2;rct;bin;rgs;gif;jpg;jpeg;jpe;resx;tiff;tif;png;wav;mfcribbon-ms</Extensions>
    </Filter>
    <Filter Include="Arquivos de Origem\Entities">
      <UniqueIdentifier>{116328e9-14a1-4a02-9a9a-418d0835fbf0}</UniqueIdentifier>
    </Filter>
    <Filter Include="Arquivos de Origem\Application">
      <UniqueIdentifier>{de652964-fd0f-494b-a80a-b37c3b09235f}</UniqueIdentifier>
    </Filter>
    <Filter Include="Arquivos de Cabeçalho\Application">
      <UniqueIdentifier>{29dc6921-3e25-4ecb-bee4-b699bdd5174d}</UniqueIdentifier>
    </Filter>
    <Filter Include="Arquivos de Cabeçalho\Entities">
      <UniqueIdentifier>{e018dde5-c163-49da-898d-035c6a15064c}</UniqueIdentifier>
    </Filter>
  </ItemGroup>
  <ItemGroup>
    <ClCompile Include="src/main.cpp">
      <Filter>Arquivos de Origem</Filter>
    </ClCompile>
    <ClCompile Include="src/Application.cpp">
      <Filter>Arquivos de Origem\Application</Filter>
    </ClCompile>
    <ClCompile Include="src/Mesh.cpp">
      <Filter>Arquivos de Origem\Entities</Filter>
    </ClCompile>
    <ClCompile Include="src/Object3D.cpp">
      <Filter>Arquivos de Origem\Entities</Filter>
    </ClCompile>
    <ClCompile Include="src/Transform.cpp">
      <Filter>Arquivos de Origem\Entities</Filter>
    </ClCompile>
    <ClCompile Include="src/Vector3.cpp">
      <Filter>Arquivos de Origem\Entities</Filter>
    </ClCompile>
  </ItemGroup>
  <ItemGroup>
    <ClInclude Include="src/Application.h">
      <Filter>Arquivos de Cabeçalho\Application</Filter>
    </ClInclude>
    <ClInclude Include="src/Mesh.h">
      <Filter>Arquivos de Cabeçalho\Entities</Filter>
    </ClInclude>
    <ClInclude Include="src/Object3D.h">
      <Filter>Arquivos de Cabeçalho\Entities</Filter>
    </ClInclude>
    <ClInclude Include="src/Transform.h">
      <Filter>Arquivos de Cabeçalho\Entities</Filter>
    </ClInclude>
    <ClInclude Include="src/Vector3.h">
      <Filter>Arquivos de Cabeçalho\Entities</Filter>
    </ClInclude>
  </ItemGroup>
</Project>